
Microsoft Visual Studio Solution File, Format Version 12.00
# Visual Studio 15
VisualStudioVersion = 15.0.26730.8
MinimumVisualStudioVersion = 10.0.40219.1
Project("{FAE04EC0-301F-11D3-BF4B-00C04F79EFBC}") = "Concurrency-P2", "Concurrency-P2.csproj", "{DB8674A5-5C00-4FBE-957C-F93B6462082E}"
EndProject
Global
	GlobalSection(SolutionConfigurationPlatforms) = preSolution
		Debug|Any CPU = Debug|Any CPU
		Release|Any CPU = Release|Any CPU
	EndGlobalSection
	GlobalSection(ProjectConfigurationPlatforms) = postSolution
		{DB8674A5-5C00-4FBE-957C-F93B6462082E}.Debug|Any CPU.ActiveCfg = Debug|Any CPU
		{DB8674A5-5C00-4FBE-957C-F93B6462082E}.Debug|Any CPU.Build.0 = Debug|Any CPU
		{DB8674A5-5C00-4FBE-957C-F93B6462082E}.Release|Any CPU.ActiveCfg = Release|Any CPU
		{DB8674A5-5C00-4FBE-957C-F93B6462082E}.Release|Any CPU.Build.0 = Release|Any CPU
	EndGlobalSection
	GlobalSection(SolutionProperties) = preSolution
		HideSolutionNode = FALSE
	EndGlobalSection
	GlobalSection(ExtensibilityGlobals) = postSolution
		SolutionGuid = {19DC4BA9-14BF-4AC3-B5E7-97C74F80DC69}
	EndGlobalSection
EndGlobal
